
Microsoft Visual Studio Solution File, Format Version 12.00
# Visual Studio Version 17
VisualStudioVersion = 17.4.33205.214
MinimumVisualStudioVersion = 10.0.40219.1
Project("{9A19103F-16F7-4668-BE54-9A1E7A4F7556}") = "JVOS", "JVOS\JVOS.csproj", "{9690F0DF-9C6B-4476-A770-EABEDBCF934A}"
EndProject
Project("{9A19103F-16F7-4668-BE54-9A1E7A4F7556}") = "JVOS.Android", "JVOS.Android\JVOS.Android.csproj", "{B38EBB9B-63A1-494C-A8EC-811C0B2A38E4}"
EndProject
Project("{9A19103F-16F7-4668-BE54-9A1E7A4F7556}") = "JVOS.Desktop", "JVOS.Desktop\JVOS.Desktop.csproj", "{0829B269-C0F3-4756-811E-FA581AD9BAF1}"
EndProject
Project("{9A19103F-16F7-4668-BE54-9A1E7A4F7556}") = "JVOS.ApplicationAPI", "JVOS.ApplicationAPI\JVOS.ApplicationAPI.csproj", "{1CCBAFAA-8FAE-4885-90B4-0334708FE789}"
EndProject
Project("{FAE04EC0-301F-11D3-BF4B-00C04F79EFBC}") = "JOPA.Hub", "JOPA.Hub\JOPA.Hub.csproj", "{4E7AD375-0F8D-4FC0-908B-78F3569DE08D}"
EndProject
Global
	GlobalSection(SolutionConfigurationPlatforms) = preSolution
		Debug|Any CPU = Debug|Any CPU
		Release|Any CPU = Release|Any CPU
	EndGlobalSection
	GlobalSection(ProjectConfigurationPlatforms) = postSolution
		{9690F0DF-9C6B-4476-A770-EABEDBCF934A}.Debug|Any CPU.ActiveCfg = Debug|Any CPU
		{9690F0DF-9C6B-4476-A770-EABEDBCF934A}.Debug|Any CPU.Build.0 = Debug|Any CPU
		{9690F0DF-9C6B-4476-A770-EABEDBCF934A}.Release|Any CPU.ActiveCfg = Release|Any CPU
		{9690F0DF-9C6B-4476-A770-EABEDBCF934A}.Release|Any CPU.Build.0 = Release|Any CPU
		{B38EBB9B-63A1-494C-A8EC-811C0B2A38E4}.Debug|Any CPU.ActiveCfg = Debug|Any CPU
		{B38EBB9B-63A1-494C-A8EC-811C0B2A38E4}.Debug|Any CPU.Build.0 = Debug|Any CPU
		{B38EBB9B-63A1-494C-A8EC-811C0B2A38E4}.Debug|Any CPU.Deploy.0 = Debug|Any CPU
		{B38EBB9B-63A1-494C-A8EC-811C0B2A38E4}.Release|Any CPU.ActiveCfg = Release|Any CPU
		{B38EBB9B-63A1-494C-A8EC-811C0B2A38E4}.Release|Any CPU.Build.0 = Release|Any CPU
		{B38EBB9B-63A1-494C-A8EC-811C0B2A38E4}.Release|Any CPU.Deploy.0 = Release|Any CPU
		{0829B269-C0F3-4756-811E-FA581AD9BAF1}.Debug|Any CPU.ActiveCfg = Debug|Any CPU
		{0829B269-C0F3-4756-811E-FA581AD9BAF1}.Debug|Any CPU.Build.0 = Debug|Any CPU
		{0829B269-C0F3-4756-811E-FA581AD9BAF1}.Release|Any CPU.ActiveCfg = Release|Any CPU
		{0829B269-C0F3-4756-811E-FA581AD9BAF1}.Release|Any CPU.Build.0 = Release|Any CPU
		{1CCBAFAA-8FAE-4885-90B4-0334708FE789}.Debug|Any CPU.ActiveCfg = Debug|Any CPU
		{1CCBAFAA-8FAE-4885-90B4-0334708FE789}.Debug|Any CPU.Build.0 = Debug|Any CPU
		{1CCBAFAA-8FAE-4885-90B4-0334708FE789}.Release|Any CPU.ActiveCfg = Release|Any CPU
		{1CCBAFAA-8FAE-4885-90B4-0334708FE789}.Release|Any CPU.Build.0 = Release|Any CPU
		{4E7AD375-0F8D-4FC0-908B-78F3569DE08D}.Debug|Any CPU.ActiveCfg = Debug|Any CPU
		{4E7AD375-0F8D-4FC0-908B-78F3569DE08D}.Debug|Any CPU.Build.0 = Debug|Any CPU
		{4E7AD375-0F8D-4FC0-908B-78F3569DE08D}.Release|Any CPU.ActiveCfg = Release|Any CPU
		{4E7AD375-0F8D-4FC0-908B-78F3569DE08D}.Release|Any CPU.Build.0 = Release|Any CPU
	EndGlobalSection
	GlobalSection(SolutionProperties) = preSolution
		HideSolutionNode = FALSE
	EndGlobalSection
	GlobalSection(ExtensibilityGlobals) = postSolution
		SolutionGuid = {D61B2F02-E0E1-48CD-BDF2-E15975334068}
	EndGlobalSection
EndGlobal
